{
  "pins" : [
    {
      "identity" : "powersync-sqlite-core-swift",
      "kind" : "remoteSourceControl",
      "location" : "https://github.com/powersync-ja/powersync-sqlite-core-swift.git",
      "state" : {
        "revision" : "00776db5157c8648671b00e6673603144fafbfeb",
        "version" : "0.4.5"
      }
    }
  ],
  "version" : 2
}
