# Generated by pub
# See https://dart.dev/tools/pub/glossary#lockfile
packages:
  app_links:
    dependency: transitive
    description:
      name: app_links
      sha256: "4e392b5eba997df356ca6021f28431ce1cfeb16758699553a94b13add874a3bb"
      url: "https://pub.dev"
    source: hosted
    version: "3.5.0"
  async:
    dependency: transitive
    description:
      name: async
      sha256: "947bfcf187f74dbc5e146c9eb9c0f10c9f8b30743e341481c1e2ed3ecc18c20c"
      url: "https://pub.dev"
    source: hosted
    version: "2.11.0"
  boolean_selector:
    dependency: transitive
    description:
      name: boolean_selector
      sha256: "6cfb5af12253eaf2b368f07bacc5a80d1301a071c73360d746b7f2e32d762c66"
      url: "https://pub.dev"
    source: hosted
    version: "2.1.1"
  characters:
    dependency: transitive
    description:
      name: characters
      sha256: "04a925763edad70e8443c99234dc3328f442e811f1d8fd1a72f1c8ad0f69a605"
      url: "https://pub.dev"
    source: hosted
    version: "1.3.0"
  clock:
    dependency: transitive
    description:
      name: clock
      sha256: cb6d7f03e1de671e34607e909a7213e31d7752be4fb66a86d29fe1eb14bfb5cf
      url: "https://pub.dev"
    source: hosted
    version: "1.1.1"
  collection:
    dependency: transitive
    description:
      name: collection
      sha256: ee67cb0715911d28db6bf4af1026078bd6f0128b07a5f66fb2ed94ec6783c09a
      url: "https://pub.dev"
    source: hosted
    version: "1.18.0"
  convert:
    dependency: transitive
    description:
      name: convert
      sha256: "0f08b14755d163f6e2134cb58222dd25ea2a2ee8a195e53983d57c075324d592"
      url: "https://pub.dev"
    source: hosted
    version: "3.1.1"
  crypto:
    dependency: transitive
    description:
      name: crypto
      sha256: ff625774173754681d66daaf4a448684fb04b78f902da9cb3d308c19cc5e8bab
      url: "https://pub.dev"
    source: hosted
    version: "3.0.3"
  cupertino_icons:
    dependency: "direct main"
    description:
      name: cupertino_icons
      sha256: d57953e10f9f8327ce64a508a355f0b1ec902193f66288e8cb5070e7c47eeb2d
      url: "https://pub.dev"
    source: hosted
    version: "1.0.6"
  drift:
    dependency: transitive
    description:
      name: drift
      sha256: b50a8342c6ddf05be53bda1d246404cbad101b64dc73e8d6d1ac1090d119b4e2
      url: "https://pub.dev"
    source: hosted
    version: "2.15.0"
  fake_async:
    dependency: transitive
    description:
      name: fake_async
      sha256: "511392330127add0b769b75a987850d136345d9227c6b94c96a04cf4a391bf78"
      url: "https://pub.dev"
    source: hosted
    version: "1.3.1"
  fetch_api:
    dependency: transitive
    description:
      name: fetch_api
      sha256: "74a1e426d41ed9c89353703b2d80400c5d0ecfa144b2d8a7bd8882fbc9e48787"
      url: "https://pub.dev"
    source: hosted
    version: "1.0.3"
  fetch_client:
    dependency: transitive
    description:
      name: fetch_client
      sha256: "83c07b07a63526a43630572c72715707ca113a8aa3459efbc7b2d366b79402af"
      url: "https://pub.dev"
    source: hosted
    version: "1.0.2"
  ffi:
    dependency: transitive
    description:
      name: ffi
      sha256: "7bf0adc28a23d395f19f3f1eb21dd7cfd1dd9f8e1c50051c069122e6853bc878"
      url: "https://pub.dev"
    source: hosted
    version: "2.1.0"
  file:
    dependency: transitive
    description:
      name: file
      sha256: "5fc22d7c25582e38ad9a8515372cd9a93834027aacf1801cf01164dac0ffa08c"
      url: "https://pub.dev"
    source: hosted
    version: "7.0.0"
  fixnum:
    dependency: transitive
    description:
      name: fixnum
      sha256: "25517a4deb0c03aa0f32fd12db525856438902d9c16536311e76cdc57b31d7d1"
      url: "https://pub.dev"
    source: hosted
    version: "1.1.0"
  flutter:
    dependency: "direct main"
    description: flutter
    source: sdk
    version: "0.0.0"
  flutter_lints:
    dependency: "direct dev"
    description:
      name: flutter_lints
      sha256: e2a421b7e59244faef694ba7b30562e489c2b489866e505074eb005cd7060db7
      url: "https://pub.dev"
    source: hosted
    version: "3.0.1"
  flutter_test:
    dependency: "direct dev"
    description: flutter
    source: sdk
    version: "0.0.0"
  flutter_web_plugins:
    dependency: transitive
    description: flutter
    source: sdk
    version: "0.0.0"
  functions_client:
    dependency: transitive
    description:
      name: functions_client
      sha256: "3b157b4d3ae9e38614fd80fab76d1ef1e0e39ff3412a45de2651f27cecb9d2d2"
      url: "https://pub.dev"
    source: hosted
    version: "1.3.2"
  gotrue:
    dependency: transitive
    description:
      name: gotrue
      sha256: f3a47cdbc59e543f453a1ef150050cd7650fe756254ac1fcac1d2a2f6f2b5a21
      url: "https://pub.dev"
    source: hosted
    version: "1.12.6"
  gtk:
    dependency: transitive
    description:
      name: gtk
      sha256: e8ce9ca4b1df106e4d72dad201d345ea1a036cc12c360f1a7d5a758f78ffa42c
      url: "https://pub.dev"
    source: hosted
    version: "2.1.0"
  hive:
    dependency: transitive
    description:
      name: hive
      sha256: "8dcf6db979d7933da8217edcec84e9df1bdb4e4edc7fc77dbd5aa74356d6d941"
      url: "https://pub.dev"
    source: hosted
    version: "2.2.3"
  hive_flutter:
    dependency: transitive
    description:
      name: hive_flutter
      sha256: dca1da446b1d808a51689fb5d0c6c9510c0a2ba01e22805d492c73b68e33eecc
      url: "https://pub.dev"
    source: hosted
    version: "1.1.0"
  http:
    dependency: transitive
    description:
      name: http
      sha256: a2bbf9d017fcced29139daa8ed2bba4ece450ab222871df93ca9eec6f80c34ba
      url: "https://pub.dev"
    source: hosted
    version: "1.2.0"
  http_parser:
    dependency: transitive
    description:
      name: http_parser
      sha256: "2aa08ce0341cc9b354a498388e30986515406668dbcc4f7c950c3e715496693b"
      url: "https://pub.dev"
    source: hosted
    version: "4.0.2"
  intl:
    dependency: transitive
    description:
      name: intl
      sha256: d6f56758b7d3014a48af9701c085700aac781a92a87a62b1333b46d8879661cf
      url: "https://pub.dev"
    source: hosted
    version: "0.19.0"
  js:
    dependency: transitive
    description:
      name: js
      sha256: f2c445dce49627136094980615a031419f7f3eb393237e4ecd97ac15dea343f3
      url: "https://pub.dev"
    source: hosted
    version: "0.6.7"
  jwt_decode:
    dependency: transitive
    description:
      name: jwt_decode
      sha256: d2e9f68c052b2225130977429d30f187aa1981d789c76ad104a32243cfdebfbb
      url: "https://pub.dev"
    source: hosted
    version: "0.3.1"
  lints:
    dependency: transitive
    description:
      name: lints
      sha256: cbf8d4b858bb0134ef3ef87841abdf8d63bfc255c266b7bf6b39daa1085c4290
      url: "https://pub.dev"
    source: hosted
    version: "3.0.0"
  logging:
    dependency: "direct main"
    description:
      name: logging
      sha256: "623a88c9594aa774443aa3eb2d41807a48486b5613e67599fb4c41c0ad47c340"
      url: "https://pub.dev"
    source: hosted
    version: "1.2.0"
  matcher:
    dependency: transitive
    description:
      name: matcher
      sha256: "1803e76e6653768d64ed8ff2e1e67bea3ad4b923eb5c56a295c3e634bad5960e"
      url: "https://pub.dev"
    source: hosted
    version: "0.12.16"
  material_color_utilities:
    dependency: transitive
    description:
      name: material_color_utilities
      sha256: "9528f2f296073ff54cb9fee677df673ace1218163c3bc7628093e7eed5203d41"
      url: "https://pub.dev"
    source: hosted
    version: "0.5.0"
  meta:
    dependency: transitive
    description:
      name: meta
      sha256: a6e590c838b18133bb482a2745ad77c5bb7715fb0451209e1a7567d416678b8e
      url: "https://pub.dev"
    source: hosted
    version: "1.10.0"
  mime:
    dependency: transitive
    description:
      name: mime
      sha256: "2e123074287cc9fd6c09de8336dae606d1ddb88d9ac47358826db698c176a1f2"
      url: "https://pub.dev"
    source: hosted
    version: "1.0.5"
  mutex:
    dependency: transitive
    description:
      name: mutex
      sha256: "8827da25de792088eb33e572115a5eb0d61d61a3c01acbc8bcbe76ed78f1a1f2"
      url: "https://pub.dev"
    source: hosted
    version: "3.1.0"
  path:
    dependency: "direct main"
    description:
      name: path
      sha256: "8829d8a55c13fc0e37127c29fedf290c102f4e40ae94ada574091fe0ff96c917"
      url: "https://pub.dev"
    source: hosted
    version: "1.8.3"
  path_provider:
    dependency: "direct main"
    description:
      name: path_provider
      sha256: b27217933eeeba8ff24845c34003b003b2b22151de3c908d0e679e8fe1aa078b
      url: "https://pub.dev"
    source: hosted
    version: "2.1.2"
  path_provider_android:
    dependency: transitive
    description:
      name: path_provider_android
      sha256: "477184d672607c0a3bf68fbbf601805f92ef79c82b64b4d6eb318cbca4c48668"
      url: "https://pub.dev"
    source: hosted
    version: "2.2.2"
  path_provider_foundation:
    dependency: transitive
    description:
      name: path_provider_foundation
      sha256: "5a7999be66e000916500be4f15a3633ebceb8302719b47b9cc49ce924125350f"
      url: "https://pub.dev"
    source: hosted
    version: "2.3.2"
  path_provider_linux:
    dependency: transitive
    description:
      name: path_provider_linux
      sha256: f7a1fe3a634fe7734c8d3f2766ad746ae2a2884abe22e241a8b301bf5cac3279
      url: "https://pub.dev"
    source: hosted
    version: "2.2.1"
  path_provider_platform_interface:
    dependency: transitive
    description:
      name: path_provider_platform_interface
      sha256: "88f5779f72ba699763fa3a3b06aa4bf6de76c8e5de842cf6f29e2e06476c2334"
      url: "https://pub.dev"
    source: hosted
    version: "2.1.2"
  path_provider_windows:
    dependency: transitive
    description:
      name: path_provider_windows
      sha256: "8bc9f22eee8690981c22aa7fc602f5c85b497a6fb2ceb35ee5a5e5ed85ad8170"
      url: "https://pub.dev"
    source: hosted
    version: "2.2.1"
  platform:
    dependency: transitive
    description:
      name: platform
      sha256: "12220bb4b65720483f8fa9450b4332347737cf8213dd2840d8b2c823e47243ec"
      url: "https://pub.dev"
    source: hosted
    version: "3.1.4"
  plugin_platform_interface:
    dependency: transitive
    description:
      name: plugin_platform_interface
      sha256: "4820fbfdb9478b1ebae27888254d445073732dae3d6ea81f0b7e06d5dedc3f02"
      url: "https://pub.dev"
    source: hosted
    version: "2.1.8"
  postgrest:
    dependency: transitive
    description:
      name: postgrest
      sha256: f190eddc5779842dfa529fa239ec4b1025f6f968c18052ba6fffc0aecac93e6b
      url: "https://pub.dev"
    source: hosted
    version: "1.5.2"
  powersync:
    dependency: "direct main"
    description:
      path: "../../packages/powersync"
      relative: true
    source: path
    version: "1.3.0-alpha.1"
  realtime_client:
    dependency: transitive
    description:
      name: realtime_client
      sha256: "2027358cdbe65d5f1770c3f768aa9adecd394de486c5dbbd2cfe19d5c6dbbc4a"
      url: "https://pub.dev"
    source: hosted
    version: "1.4.0"
  retry:
    dependency: transitive
    description:
      name: retry
      sha256: "822e118d5b3aafed083109c72d5f484c6dc66707885e07c0fbcb8b986bba7efc"
      url: "https://pub.dev"
    source: hosted
    version: "3.1.2"
  rxdart:
    dependency: transitive
    description:
      name: rxdart
      sha256: "0c7c0cedd93788d996e33041ffecda924cc54389199cde4e6a34b440f50044cb"
      url: "https://pub.dev"
    source: hosted
    version: "0.27.7"
  shared_preferences:
    dependency: transitive
    description:
      name: shared_preferences
      sha256: "81429e4481e1ccfb51ede496e916348668fd0921627779233bd24cc3ff6abd02"
      url: "https://pub.dev"
    source: hosted
    version: "2.2.2"
  shared_preferences_android:
    dependency: transitive
    description:
      name: shared_preferences_android
      sha256: "8568a389334b6e83415b6aae55378e158fbc2314e074983362d20c562780fb06"
      url: "https://pub.dev"
    source: hosted
    version: "2.2.1"
  shared_preferences_foundation:
    dependency: transitive
    description:
      name: shared_preferences_foundation
      sha256: "7708d83064f38060c7b39db12aefe449cb8cdc031d6062280087bc4cdb988f5c"
      url: "https://pub.dev"
    source: hosted
    version: "2.3.5"
  shared_preferences_linux:
    dependency: transitive
    description:
      name: shared_preferences_linux
      sha256: "9f2cbcf46d4270ea8be39fa156d86379077c8a5228d9dfdb1164ae0bb93f1faa"
      url: "https://pub.dev"
    source: hosted
    version: "2.3.2"
  shared_preferences_platform_interface:
    dependency: transitive
    description:
      name: shared_preferences_platform_interface
      sha256: "22e2ecac9419b4246d7c22bfbbda589e3acf5c0351137d87dd2939d984d37c3b"
      url: "https://pub.dev"
    source: hosted
    version: "2.3.2"
  shared_preferences_web:
    dependency: transitive
    description:
      name: shared_preferences_web
      sha256: "7b15ffb9387ea3e237bb7a66b8a23d2147663d391cafc5c8f37b2e7b4bde5d21"
      url: "https://pub.dev"
    source: hosted
    version: "2.2.2"
  shared_preferences_windows:
    dependency: transitive
    description:
      name: shared_preferences_windows
      sha256: "841ad54f3c8381c480d0c9b508b89a34036f512482c407e6df7a9c4aa2ef8f59"
      url: "https://pub.dev"
    source: hosted
    version: "2.3.2"
  sign_in_with_apple:
    dependency: transitive
    description:
      name: sign_in_with_apple
      sha256: "0975c23b9f8b30a80e27d5659a75993a093d4cb5f4eb7d23a9ccc586fea634e0"
      url: "https://pub.dev"
    source: hosted
    version: "5.0.0"
  sign_in_with_apple_platform_interface:
    dependency: transitive
    description:
      name: sign_in_with_apple_platform_interface
      sha256: a5883edee09ed6be19de19e7d9f618a617fe41a6fa03f76d082dfb787e9ea18d
      url: "https://pub.dev"
    source: hosted
    version: "1.0.0"
  sign_in_with_apple_web:
    dependency: transitive
    description:
      name: sign_in_with_apple_web
      sha256: "44b66528f576e77847c14999d5e881e17e7223b7b0625a185417829e5306f47a"
      url: "https://pub.dev"
    source: hosted
    version: "1.0.1"
  sky_engine:
    dependency: transitive
    description: flutter
    source: sdk
    version: "0.0.99"
  source_span:
    dependency: transitive
    description:
      name: source_span
      sha256: "53e943d4206a5e30df338fd4c6e7a077e02254531b138a15aec3bd143c1a8b3c"
      url: "https://pub.dev"
    source: hosted
    version: "1.10.0"
  sprintf:
    dependency: transitive
    description:
      name: sprintf
      sha256: "1fc9ffe69d4df602376b52949af107d8f5703b77cda567c4d7d86a0693120f23"
      url: "https://pub.dev"
    source: hosted
    version: "7.0.0"
  sqlite3:
    dependency: transitive
    description:
      name: sqlite3
      sha256: "072128763f1547e3e9b4735ce846bfd226d68019ccda54db4cd427b12dfdedc9"
      url: "https://pub.dev"
    source: hosted
    version: "2.4.0"
  sqlite3_flutter_libs:
    dependency: transitive
    description:
      name: sqlite3_flutter_libs
      sha256: d6c31c8511c441d1f12f20b607343df1afe4eddf24a1cf85021677c8eea26060
      url: "https://pub.dev"
    source: hosted
    version: "0.5.20"
  sqlite_async:
    dependency: transitive
    description:
      name: sqlite_async
      sha256: "91f454cddc85617bea2c7c1544ff386887d0d2cf0ecdb3599015c05cc141ff4d"
      url: "https://pub.dev"
    source: hosted
    version: "0.7.0-alpha.1"
  stack_trace:
    dependency: transitive
    description:
      name: stack_trace
      sha256: "73713990125a6d93122541237550ee3352a2d84baad52d375a4cad2eb9b7ce0b"
      url: "https://pub.dev"
    source: hosted
    version: "1.11.1"
  storage_client:
    dependency: transitive
    description:
      name: storage_client
      sha256: f02d4d8967bec77767dcaf9daf24ca5b8d5a9f1cc093f14dffb77930b52589a3
      url: "https://pub.dev"
    source: hosted
    version: "1.5.4"
  stream_channel:
    dependency: transitive
    description:
      name: stream_channel
      sha256: ba2aa5d8cc609d96bbb2899c28934f9e1af5cddbd60a827822ea467161eb54e7
      url: "https://pub.dev"
    source: hosted
    version: "2.1.2"
  string_scanner:
    dependency: transitive
    description:
      name: string_scanner
      sha256: "556692adab6cfa87322a115640c11f13cb77b3f076ddcc5d6ae3c20242bedcde"
      url: "https://pub.dev"
    source: hosted
    version: "1.2.0"
  supabase:
    dependency: transitive
    description:
      name: supabase
      sha256: "1434bb9375f88f51802dadf7b99568117c434f6a9af7f8a55e5be94c8b4da7c9"
      url: "https://pub.dev"
    source: hosted
    version: "1.11.11"
  supabase_flutter:
    dependency: "direct main"
    description:
      name: supabase_flutter
      sha256: "8d68a4fa3215bc23811469fc3499c3895ebb35a2363d6edcfffaa426d5effd84"
      url: "https://pub.dev"
    source: hosted
    version: "1.10.25"
  term_glyph:
    dependency: transitive
    description:
      name: term_glyph
      sha256: a29248a84fbb7c79282b40b8c72a1209db169a2e0542bce341da992fe1bc7e84
      url: "https://pub.dev"
    source: hosted
    version: "1.2.1"
  test_api:
    dependency: transitive
    description:
      name: test_api
      sha256: "5c2f730018264d276c20e4f1503fd1308dfbbae39ec8ee63c5236311ac06954b"
      url: "https://pub.dev"
    source: hosted
    version: "0.6.1"
  timeago:
    dependency: "direct main"
    description:
      name: timeago
      sha256: d3204eb4c788214883380253da7f23485320a58c11d145babc82ad16bf4e7764
      url: "https://pub.dev"
    source: hosted
    version: "3.6.1"
  typed_data:
    dependency: transitive
    description:
      name: typed_data
      sha256: facc8d6582f16042dd49f2463ff1bd6e2c9ef9f3d5da3d9b087e244a7b564b3c
      url: "https://pub.dev"
    source: hosted
    version: "1.3.2"
  url_launcher:
    dependency: transitive
    description:
      name: url_launcher
      sha256: c512655380d241a337521703af62d2c122bf7b77a46ff7dd750092aa9433499c
      url: "https://pub.dev"
    source: hosted
    version: "6.2.4"
  url_launcher_android:
    dependency: transitive
    description:
      name: url_launcher_android
      sha256: d4ed0711849dd8e33eb2dd69c25db0d0d3fdc37e0a62e629fe32f57a22db2745
      url: "https://pub.dev"
    source: hosted
    version: "6.3.0"
  url_launcher_ios:
    dependency: transitive
    description:
      name: url_launcher_ios
      sha256: "75bb6fe3f60070407704282a2d295630cab232991eb52542b18347a8a941df03"
      url: "https://pub.dev"
    source: hosted
    version: "6.2.4"
  url_launcher_linux:
    dependency: transitive
    description:
      name: url_launcher_linux
      sha256: ab360eb661f8879369acac07b6bb3ff09d9471155357da8443fd5d3cf7363811
      url: "https://pub.dev"
    source: hosted
    version: "3.1.1"
  url_launcher_macos:
    dependency: transitive
    description:
      name: url_launcher_macos
      sha256: b7244901ea3cf489c5335bdacda07264a6e960b1c1b1a9f91e4bc371d9e68234
      url: "https://pub.dev"
    source: hosted
    version: "3.1.0"
  url_launcher_platform_interface:
    dependency: transitive
    description:
      name: url_launcher_platform_interface
      sha256: a932c3a8082e118f80a475ce692fde89dc20fddb24c57360b96bc56f7035de1f
      url: "https://pub.dev"
    source: hosted
    version: "2.3.1"
  url_launcher_web:
    dependency: transitive
    description:
      name: url_launcher_web
      sha256: fff0932192afeedf63cdd50ecbb1bc825d31aed259f02bb8dba0f3b729a5e88b
      url: "https://pub.dev"
    source: hosted
    version: "2.2.3"
  url_launcher_windows:
    dependency: transitive
    description:
      name: url_launcher_windows
      sha256: ecf9725510600aa2bb6d7ddabe16357691b6d2805f66216a97d1b881e21beff7
      url: "https://pub.dev"
    source: hosted
    version: "3.1.1"
  uuid:
    dependency: transitive
    description:
      name: uuid
      sha256: cd210a09f7c18cbe5a02511718e0334de6559871052c90a90c0cca46a4aa81c8
      url: "https://pub.dev"
    source: hosted
    version: "4.3.3"
  vector_math:
    dependency: transitive
    description:
      name: vector_math
      sha256: "80b3257d1492ce4d091729e3a67a60407d227c27241d6927be0130c98e741803"
      url: "https://pub.dev"
    source: hosted
    version: "2.1.4"
  web:
    dependency: transitive
    description:
      name: web
      sha256: afe077240a270dcfd2aafe77602b4113645af95d0ad31128cc02bce5ac5d5152
      url: "https://pub.dev"
    source: hosted
    version: "0.3.0"
  web_socket_channel:
    dependency: transitive
    description:
      name: web_socket_channel
      sha256: d88238e5eac9a42bb43ca4e721edba3c08c6354d4a53063afaa568516217621b
      url: "https://pub.dev"
    source: hosted
    version: "2.4.0"
  webview_flutter:
    dependency: transitive
    description:
      name: webview_flutter
      sha256: "25e1b6e839e8cbfbd708abc6f85ed09d1727e24e08e08c6b8590d7c65c9a8932"
      url: "https://pub.dev"
    source: hosted
    version: "4.7.0"
  webview_flutter_android:
    dependency: transitive
    description:
      name: webview_flutter_android
      sha256: "3e5f4e9d818086b0d01a66fb1ff9cc72ab0cc58c71980e3d3661c5685ea0efb0"
      url: "https://pub.dev"
    source: hosted
    version: "3.15.0"
  webview_flutter_platform_interface:
    dependency: transitive
    description:
      name: webview_flutter_platform_interface
      sha256: d937581d6e558908d7ae3dc1989c4f87b786891ab47bb9df7de548a151779d8d
      url: "https://pub.dev"
    source: hosted
    version: "2.10.0"
  webview_flutter_wkwebview:
    dependency: transitive
    description:
      name: webview_flutter_wkwebview
      sha256: "9bf168bccdf179ce90450b5f37e36fe263f591c9338828d6bf09b6f8d0f57f86"
      url: "https://pub.dev"
    source: hosted
    version: "3.12.0"
  win32:
    dependency: transitive
    description:
      name: win32
      sha256: "464f5674532865248444b4c3daca12bd9bf2d7c47f759ce2617986e7229494a8"
      url: "https://pub.dev"
    source: hosted
    version: "5.2.0"
  xdg_directories:
    dependency: transitive
    description:
      name: xdg_directories
      sha256: faea9dee56b520b55a566385b84f2e8de55e7496104adada9962e0bd11bcff1d
      url: "https://pub.dev"
    source: hosted
    version: "1.0.4"
  yet_another_json_isolate:
    dependency: transitive
    description:
      name: yet_another_json_isolate
      sha256: "86fad76026c4241a32831d6c7febd8f9bded5019e2cd36c5b148499808d8307d"
      url: "https://pub.dev"
    source: hosted
    version: "1.1.1"
sdks:
  dart: ">=3.2.3 <4.0.0"
  flutter: ">=3.16.6"
