PODS:
  - Flutter (1.0.0)
  - path_provider_foundation (0.0.1):
    - Flutter
    - FlutterMacOS
  - powersync-sqlite-core (0.4.4)
  - powersync_flutter_libs (0.0.1):
    - Flutter
    - powersync-sqlite-core (~> 0.4.4)
  - sqlite3 (3.49.2):
    - sqlite3/common (= 3.49.2)
  - sqlite3/common (3.49.2)
  - sqlite3/dbstatvtab (3.49.2):
    - sqlite3/common
  - sqlite3/fts5 (3.49.2):
    - sqlite3/common
  - sqlite3/math (3.49.2):
    - sqlite3/common
  - sqlite3/perf-threadsafe (3.49.2):
    - sqlite3/common
  - sqlite3/rtree (3.49.2):
    - sqlite3/common
  - sqlite3_flutter_libs (0.0.1):
    - Flutter
    - FlutterMacOS
    - sqlite3 (~> 3.49.1)
    - sqlite3/dbstatvtab
    - sqlite3/fts5
    - sqlite3/math
    - sqlite3/perf-threadsafe
    - sqlite3/rtree

DEPENDENCIES:
  - Flutter (from `Flutter`)
  - path_provider_foundation (from `.symlinks/plugins/path_provider_foundation/darwin`)
  - powersync_flutter_libs (from `.symlinks/plugins/powersync_flutter_libs/ios`)
  - sqlite3_flutter_libs (from `.symlinks/plugins/sqlite3_flutter_libs/darwin`)

SPEC REPOS:
  trunk:
    - powersync-sqlite-core
    - sqlite3

EXTERNAL SOURCES:
  Flutter:
    :path: Flutter
  path_provider_foundation:
    :path: ".symlinks/plugins/path_provider_foundation/darwin"
  powersync_flutter_libs:
    :path: ".symlinks/plugins/powersync_flutter_libs/ios"
  sqlite3_flutter_libs:
    :path: ".symlinks/plugins/sqlite3_flutter_libs/darwin"

SPEC CHECKSUMS:
  Flutter: e0871f40cf51350855a761d2e70bf5af5b9b5de7
  path_provider_foundation: 080d55be775b7414fd5a5ef3ac137b97b097e564
  powersync-sqlite-core: 954b7c4f068e21e6e759a7f487f0d7da4062e858
  powersync_flutter_libs: ecbd37268a3705351178a05c81434592f0dcc6e5
  sqlite3: 3c950dc86011117c307eb0b28c4a7bb449dce9f1
  sqlite3_flutter_libs: f6acaa2172e6bb3e2e70c771661905080e8ebcf2

PODFILE CHECKSUM: 819463e6a0290f5a72f145ba7cde16e8b6ef0796

COCOAPODS: 1.16.2
