PODS:
  - app_links (1.0.0):
    - FlutterMacOS
  - FlutterMacOS (1.0.0)
  - path_provider_foundation (0.0.1):
    - Flutter
    - FlutterMacOS
  - powersync-sqlite-core (0.3.10)
  - powersync_flutter_libs (0.0.1):
    - FlutterMacOS
    - powersync-sqlite-core (~> 0.3.10)
  - shared_preferences_foundation (0.0.1):
    - Flutter
    - FlutterMacOS
  - sqlite3 (3.49.0):
    - sqlite3/common (= 3.49.0)
  - sqlite3/common (3.49.0)
  - sqlite3/dbstatvtab (3.49.0):
    - sqlite3/common
  - sqlite3/fts5 (3.49.0):
    - sqlite3/common
  - sqlite3/perf-threadsafe (3.49.0):
    - sqlite3/common
  - sqlite3/rtree (3.49.0):
    - sqlite3/common
  - sqlite3_flutter_libs (0.0.1):
    - Flutter
    - FlutterMacOS
    - sqlite3 (~> 3.49.0)
    - sqlite3/dbstatvtab
    - sqlite3/fts5
    - sqlite3/perf-threadsafe
    - sqlite3/rtree
  - url_launcher_macos (0.0.1):
    - FlutterMacOS

DEPENDENCIES:
  - app_links (from `Flutter/ephemeral/.symlinks/plugins/app_links/macos`)
  - FlutterMacOS (from `Flutter/ephemeral`)
  - path_provider_foundation (from `Flutter/ephemeral/.symlinks/plugins/path_provider_foundation/darwin`)
  - powersync_flutter_libs (from `Flutter/ephemeral/.symlinks/plugins/powersync_flutter_libs/macos`)
  - shared_preferences_foundation (from `Flutter/ephemeral/.symlinks/plugins/shared_preferences_foundation/darwin`)
  - sqlite3_flutter_libs (from `Flutter/ephemeral/.symlinks/plugins/sqlite3_flutter_libs/darwin`)
  - url_launcher_macos (from `Flutter/ephemeral/.symlinks/plugins/url_launcher_macos/macos`)

SPEC REPOS:
  trunk:
    - powersync-sqlite-core
    - sqlite3

EXTERNAL SOURCES:
  app_links:
    :path: Flutter/ephemeral/.symlinks/plugins/app_links/macos
  FlutterMacOS:
    :path: Flutter/ephemeral
  path_provider_foundation:
    :path: Flutter/ephemeral/.symlinks/plugins/path_provider_foundation/darwin
  powersync_flutter_libs:
    :path: Flutter/ephemeral/.symlinks/plugins/powersync_flutter_libs/macos
  shared_preferences_foundation:
    :path: Flutter/ephemeral/.symlinks/plugins/shared_preferences_foundation/darwin
  sqlite3_flutter_libs:
    :path: Flutter/ephemeral/.symlinks/plugins/sqlite3_flutter_libs/darwin
  url_launcher_macos:
    :path: Flutter/ephemeral/.symlinks/plugins/url_launcher_macos/macos

SPEC CHECKSUMS:
  app_links: 9028728e32c83a0831d9db8cf91c526d16cc5468
  FlutterMacOS: 8f6f14fa908a6fb3fba0cd85dbd81ec4b251fb24
  path_provider_foundation: 080d55be775b7414fd5a5ef3ac137b97b097e564
  powersync-sqlite-core: c7045a44bb1040485ba46b42a3b0acaed424a5cd
  powersync_flutter_libs: 31ca2451246f21fcc4b0d54573bb9c48e7be3ed2
  shared_preferences_foundation: 9e1978ff2562383bd5676f64ec4e9aa8fa06a6f7
  sqlite3: 4922312598b67e1825c6a6c821296dcbf6783046
  sqlite3_flutter_libs: 3c323550ef3b928bc0aa9513c841e45a7d242832
  url_launcher_macos: 0fba8ddabfc33ce0a9afe7c5fef5aab3d8d2d673

PODFILE CHECKSUM: 236401fc2c932af29a9fcf0e97baeeb2d750d367

COCOAPODS: 1.16.2
